
Microsoft Visual Studio Solution File, Format Version 12.00
# Visual Studio 15
VisualStudioVersion = 15.0.27130.2003
MinimumVisualStudioVersion = 10.0.40219.1
Project("{FAE04EC0-301F-11D3-BF4B-00C04F79EFBC}") = "GerenciadorDeEmpresas", "GerenciadorDeEmpresas\GerenciadorDeEmpresas.csproj", "{CCBBD5E2-7123-4B4C-9601-5CA612B24DEB}"
EndProject
Global
	GlobalSection(SolutionConfigurationPlatforms) = preSolution
		Debug|Any CPU = Debug|Any CPU
		Release|Any CPU = Release|Any CPU
	EndGlobalSection
	GlobalSection(ProjectConfigurationPlatforms) = postSolution
		{CCBBD5E2-7123-4B4C-9601-5CA612B24DEB}.Debug|Any CPU.ActiveCfg = Debug|Any CPU
		{CCBBD5E2-7123-4B4C-9601-5CA612B24DEB}.Debug|Any CPU.Build.0 = Debug|Any CPU
		{CCBBD5E2-7123-4B4C-9601-5CA612B24DEB}.Release|Any CPU.ActiveCfg = Release|Any CPU
		{CCBBD5E2-7123-4B4C-9601-5CA612B24DEB}.Release|Any CPU.Build.0 = Release|Any CPU
	EndGlobalSection
	GlobalSection(SolutionProperties) = preSolution
		HideSolutionNode = FALSE
	EndGlobalSection
	GlobalSection(ExtensibilityGlobals) = postSolution
		SolutionGuid = {9175D423-84C9-456B-BCEF-78B9FD6849FB}
	EndGlobalSection
EndGlobal
